<Project xmlns="http://schemas.microsoft.com/developer/msbuild/2003">
    <PropertyGroup>
        <ProjectGuid>{F706EDFC-2DE8-4918-880C-60A6C7373ED4}</ProjectGuid>
        <ProjectVersion>20.1</ProjectVersion>
        <FrameworkType>VCL</FrameworkType>
        <Base>True</Base>
        <Config Condition="'$(Config)'==''">Debug</Config>
        <Platform Condition="'$(Platform)'==''">Win32</Platform>
        <ProjectName Condition="'$(ProjectName)'==''">PSP</ProjectName>
        <TargetedPlatforms>1</TargetedPlatforms>
        <AppType>Console</AppType>
        <MainSource>PSP.dpr</MainSource>
    </PropertyGroup>
    <PropertyGroup Condition="'$(Config)'=='Base' or '$(Base)'!=''">
        <Base>true</Base>
    </PropertyGroup>
    <PropertyGroup Condition="('$(Platform)'=='Win32' and '$(Base)'=='true') or '$(Base_Win32)'!=''">
        <Base_Win32>true</Base_Win32>
        <CfgParent>Base</CfgParent>
        <Base>true</Base>
    </PropertyGroup>
    <PropertyGroup Condition="('$(Platform)'=='Win64' and '$(Base)'=='true') or '$(Base_Win64)'!=''">
        <Base_Win64>true</Base_Win64>
        <CfgParent>Base</CfgParent>
        <Base>true</Base>
    </PropertyGroup>
    <PropertyGroup Condition="'$(Config)'=='Debug' or '$(Cfg_1)'!=''">
        <Cfg_1>true</Cfg_1>
        <CfgParent>Base</CfgParent>
        <Base>true</Base>
    </PropertyGroup>
    <PropertyGroup Condition="('$(Platform)'=='Win32' and '$(Cfg_1)'=='true') or '$(Cfg_1_Win32)'!=''">
        <Cfg_1_Win32>true</Cfg_1_Win32>
        <CfgParent>Cfg_1</CfgParent>
        <Cfg_1>true</Cfg_1>
        <Base>true</Base>
    </PropertyGroup>
    <PropertyGroup Condition="'$(Config)'=='Release' or '$(Cfg_2)'!=''">
        <Cfg_2>true</Cfg_2>
        <CfgParent>Base</CfgParent>
        <Base>true</Base>
    </PropertyGroup>
    <PropertyGroup Condition="'$(Base)'!=''">
        <DCC_DcuOutput>.\$(Platform)\$(Config)</DCC_DcuOutput>
        <DCC_ExeOutput>.\$(Platform)\$(Config)</DCC_ExeOutput>
        <DCC_E>false</DCC_E>
        <DCC_N>false</DCC_N>
        <DCC_S>false</DCC_S>
        <DCC_F>false</DCC_F>
        <DCC_K>false</DCC_K>
        <DCC_Namespace>System;Xml;Data;Datasnap;Web;Soap;Vcl;Vcl.Imaging;Vcl.Touch;Vcl.Samples;Vcl.Shell;$(DCC_Namespace)</DCC_Namespace>
        <Icon_MainIcon>$(BDS)\bin\delphi_PROJECTICON.ico</Icon_MainIcon>
        <Icns_MainIcns>$(BDS)\bin\delphi_PROJECTICNS.icns</Icns_MainIcns>
        <SanitizedProjectName>PSP</SanitizedProjectName>
    </PropertyGroup>
    <PropertyGroup Condition="'$(Base_Win32)'!=''">
        <DCC_UsePackage>vclwinx;fmx;vclie;DbxCommonDriver;bindengine;IndyIPCommon;VCLRESTComponents;FireDACCommonODBC;FireDACCommonDriver;appanalytics;IndyProtocols;vclx;Skia.Package.RTL;IndyIPClient;dbxcds;vcledge;bindcompvclwinx;bindcompfmx;inetdb;FireDACSqliteDriver;DbxClientDriver;soapmidas;vclactnband;fmxFireDAC;dbexpress;DBXMySQLDriver;VclSmp;inet;vcltouch;fmxase;dbrtl;Skia.Package.FMX;fmxdae;FireDACMSAccDriver;CustomIPTransport;vcldsnap;DBXInterBaseDriver;IndySystem;Skia.Package.VCL;vcldb;vclFireDAC;bindcomp;FireDACCommon;IndyCore;RESTBackendComponents;bindcompdbx;rtl;FireDACMySQLDriver;FireDACADSDriver;RESTComponents;DBXSqliteDriver;vcl;IndyIPServer;dsnapxml;dsnapcon;adortl;vclimg;FireDACPgDriver;FireDAC;inetdbxpress;xmlrtl;tethering;bindcompvcl;dsnap;CloudService;fmxobj;bindcompvclsmp;soaprtl;soapserver;FireDACIBDriver;$(DCC_UsePackage)</DCC_UsePackage>
        <DCC_Namespace>Winapi;System.Win;Data.Win;Datasnap.Win;Web.Win;Soap.Win;Xml.Win;Bde;$(DCC_Namespace)</DCC_Namespace>
        <BT_BuildType>Debug</BT_BuildType>
        <VerInfo_Keys>CompanyName=;FileDescription=$(MSBuildProjectName);FileVersion=1.0.0.0;InternalName=;LegalCopyright=;LegalTrademarks=;OriginalFilename=;ProgramID=com.embarcadero.$(MSBuildProjectName);ProductName=$(MSBuildProjectName);ProductVersion=1.0.0.0;Comments=</VerInfo_Keys>
        <VerInfo_Locale>1033</VerInfo_Locale>
    </PropertyGroup>
    <PropertyGroup Condition="'$(Base_Win64)'!=''">
        <DCC_UsePackage>vclwinx;fmx;vclie;DbxCommonDriver;bindengine;IndyIPCommon;VCLRESTComponents;FireDACCommonODBC;FireDACCommonDriver;appanalytics;IndyProtocols;vclx;IndyIPClient;dbxcds;vcledge;bindcompvclwinx;bindcompfmx;inetdb;FireDACSqliteDriver;DbxClientDriver;soapmidas;vclactnband;fmxFireDAC;dbexpress;DBXMySQLDriver;VclSmp;inet;vcltouch;fmxase;dbrtl;fmxdae;FireDACMSAccDriver;CustomIPTransport;vcldsnap;DBXInterBaseDriver;IndySystem;Skia.Package.VCL;vcldb;vclFireDAC;bindcomp;FireDACCommon;IndyCore;RESTBackendComponents;bindcompdbx;rtl;FireDACMySQLDriver;FireDACADSDriver;RESTComponents;DBXSqliteDriver;vcl;IndyIPServer;dsnapxml;dsnapcon;adortl;vclimg;FireDACPgDriver;FireDAC;inetdbxpress;xmlrtl;tethering;bindcompvcl;dsnap;CloudService;fmxobj;bindcompvclsmp;soaprtl;soapserver;FireDACIBDriver;$(DCC_UsePackage)</DCC_UsePackage>
    </PropertyGroup>
    <PropertyGroup Condition="'$(Cfg_1)'!=''">
        <DCC_Define>DEBUG;$(DCC_Define)</DCC_Define>
        <DCC_DebugDCUs>true</DCC_DebugDCUs>
        <DCC_Optimize>false</DCC_Optimize>
        <DCC_GenerateStackFrames>true</DCC_GenerateStackFrames>
        <DCC_DebugInfoInExe>true</DCC_DebugInfoInExe>
        <DCC_RemoteDebug>true</DCC_RemoteDebug>
        <DCC_IntegerOverflowCheck>true</DCC_IntegerOverflowCheck>
        <DCC_RangeChecking>true</DCC_RangeChecking>
    </PropertyGroup>
    <PropertyGroup Condition="'$(Cfg_1_Win32)'!=''">
        <DCC_RemoteDebug>false</DCC_RemoteDebug>
        <DCC_UnitSearchPath>C:\Users\Bill jenkins\Documents\Embarcadero\Studio\Projects\PSPEngine\DWScript;$(DCC_UnitSearchPath)</DCC_UnitSearchPath>
        <VerInfo_Locale>1033</VerInfo_Locale>
        <Manifest_File>(None)</Manifest_File>
        <AppDPIAwarenessMode>none</AppDPIAwarenessMode>
    </PropertyGroup>
    <PropertyGroup Condition="'$(Cfg_2)'!=''">
        <DCC_LocalDebugSymbols>false</DCC_LocalDebugSymbols>
        <DCC_Define>RELEASE;$(DCC_Define)</DCC_Define>
        <DCC_SymbolReferenceInfo>0</DCC_SymbolReferenceInfo>
        <DCC_DebugInformation>0</DCC_DebugInformation>
    </PropertyGroup>
    <ItemGroup>
        <DelphiCompile Include="$(MainSource)">
            <MainSource>MainSource</MainSource>
        </DelphiCompile>
        <DCCReference Include="WebModuleUnit1.pas">
            <Form>WebModule1</Form>
            <FormType>dfm</FormType>
            <DesignClass>TWebModule</DesignClass>
        </DCCReference>
        <DCCReference Include="PSPEngine.pas"/>
        <DCCReference Include="src\PSPParser.pas"/>
        <DCCReference Include="DWScript\Source\dwsComp.pas"/>
        <DCCReference Include="DWScript\Source\dwsArrayElementContext.pas"/>
        <DCCReference Include="DWScript\Source\dwsArrayExprs.pas"/>
        <DCCReference Include="DWScript\Source\dwsArrayIndexOfExprs.pas"/>
        <DCCReference Include="DWScript\Source\dwsArrayMethodKinds.pas"/>
        <DCCReference Include="DWScript\Source\dwsAssociativeArrays.pas"/>
        <DCCReference Include="DWScript\Source\dwsComConnector.pas"/>
        <DCCReference Include="DWScript\Source\dwsCompilerContext.pas"/>
        <DCCReference Include="DWScript\Source\dwsCompilerUtils.pas"/>
        <DCCReference Include="DWScript\Source\dwsConnectorExprs.pas"/>
        <DCCReference Include="DWScript\Source\dwsConnectorSymbols.pas"/>
        <DCCReference Include="DWScript\Source\dwsConstExprs.pas"/>
        <DCCReference Include="DWScript\Source\dwsContextMap.pas"/>
        <DCCReference Include="DWScript\Source\dwsConvExprs.pas"/>
        <DCCReference Include="DWScript\Source\dwsCoreExprs.pas"/>
        <DCCReference Include="DWScript\Source\dwsCryptoXPlatform.pas"/>
        <DCCReference Include="DWScript\Source\dwsCustomData.pas"/>
        <DCCReference Include="DWScript\Source\dwsDataContext.pas"/>
        <DCCReference Include="DWScript\Source\dwsDateTime.pas"/>
        <DCCReference Include="DWScript\Source\dwsDebugFunctions.pas"/>
        <DCCReference Include="DWScript\Source\dwsDebugger.pas"/>
        <DCCReference Include="DWScript\Source\dwsDynamicArrays.pas"/>
        <DCCReference Include="DWScript\Source\dwsEncoding.pas"/>
        <DCCReference Include="DWScript\Source\dwsErrors.pas"/>
        <DCCReference Include="DWScript\Source\dwsEvaluate.pas"/>
        <DCCReference Include="DWScript\Source\dwsExperts.pas"/>
        <DCCReference Include="DWScript\Source\dwsExprList.pas"/>
        <DCCReference Include="DWScript\Source\dwsExprs.pas"/>
        <DCCReference Include="DWScript\Source\dwsExternalFunctions.pas"/>
        <DCCReference Include="DWScript\Source\dwsExternalSymbols.pas"/>
        <DCCReference Include="DWScript\Source\dwsFileFunctions.pas"/>
        <DCCReference Include="DWScript\Source\dwsFileSystem.pas"/>
        <DCCReference Include="DWScript\Source\dwsFilter.pas"/>
        <DCCReference Include="DWScript\Source\dwsCompiler.pas"/>
        <DCCReference Include="DWScript\Source\dwsUtils.pas"/>
        <DCCReference Include="DWScript\Source\dwsXPlatform.pas"/>
        <DCCReference Include="DWScript\Source\dwsStrings.pas"/>
        <DCCReference Include="DWScript\Source\dwsXXHash.pas"/>
        <DCCReference Include="DWScript\Source\Wcrypt2.pas"/>
        <DCCReference Include="DWScript\Source\dwsFunctions.pas"/>
        <DCCReference Include="DWScript\Source\dwsSymbols.pas"/>
        <DCCReference Include="DWScript\Test\DelegateTestLibModule.pas">
            <Form>DelegateTestLib</Form>
            <FormType>dfm</FormType>
            <DesignClass>TDataModule</DesignClass>
        </DCCReference>
        <DCCReference Include="DWScript\Test\dwsXPlatformTests.pas"/>
        <DCCReference Include="DWScript\Test\LanguageTestsLAZ.pas"/>
        <DCCReference Include="DWScript\Test\UAlgorithmsTests.pas"/>
        <DCCReference Include="DWScript\Test\UAutoFormatTests.pas"/>
        <DCCReference Include="DWScript\Test\UBigIntegerTests.pas"/>
        <DCCReference Include="DWScript\Test\UBuildTests.pas"/>
        <DCCReference Include="DWScript\Test\UCodeDOMTests.pas"/>
        <DCCReference Include="DWScript\Test\UCOMConnectorTests.pas"/>
        <DCCReference Include="DWScript\Test\UCornerCasesTests.pas"/>
        <DCCReference Include="DWScript\Test\UDebuggerTests.pas"/>
        <DCCReference Include="DWScript\Test\UdwsClassesTests.pas"/>
        <DCCReference Include="DWScript\Test\UdwsCryptoTests.pas"/>
        <DCCReference Include="DWScript\Test\UdwsCSSPackTests.pas"/>
        <DCCReference Include="DWScript\Test\UdwsCustomDataTests.pas"/>
        <DCCReference Include="DWScript\Test\UdwsDataBaseTests.pas"/>
        <DCCReference Include="DWScript\Test\UdwsDateTimeTests.pas"/>
        <DCCReference Include="DWScript\Test\UdwsEncodingTests.pas"/>
        <DCCReference Include="DWScript\Test\UdwsFunctionsTests.pas"/>
        <DCCReference Include="DWScript\Test\UdwsGraphicsTests.pas"/>
        <DCCReference Include="DWScript\Test\UdwsIniFileTests.pas"/>
        <DCCReference Include="DWScript\Test\UdwsSystemInfoTests.pas"/>
        <DCCReference Include="DWScript\Test\UdwsTabularTests.pas"/>
        <DCCReference Include="DWScript\Test\UdwsTimeSeriesTests.pas"/>
        <DCCReference Include="DWScript\Test\UdwsUnitTests.pas"/>
        <DCCReference Include="DWScript\Test\UdwsUnitTestsStatic.pas"/>
        <DCCReference Include="DWScript\Test\UdwsUtilsTests.pas"/>
        <DCCReference Include="DWScript\Test\UdwsWebLibModuleTest.pas"/>
        <DCCReference Include="DWScript\Test\UdwsWebUtilsTests.pas"/>
        <DCCReference Include="DWScript\Test\UdwsXPlatformTests.pas"/>
        <DCCReference Include="DWScript\Test\UExternalFunctionTests.pas"/>
        <DCCReference Include="DWScript\Test\UHTMLFilterTests.pas"/>
        <DCCReference Include="DWScript\Test\UInstantiateTests.pas"/>
        <DCCReference Include="DWScript\Test\UJITTests.pas"/>
        <DCCReference Include="DWScript\Test\UJITx86_64Tests.pas"/>
        <DCCReference Include="DWScript\Test\UJITx86Tests.pas"/>
        <DCCReference Include="DWScript\Test\UJSCodeGenTests.pas"/>
        <DCCReference Include="DWScript\Test\UJSFilterTests.pas"/>
        <DCCReference Include="DWScript\Test\UJSONConnectorTests.pas"/>
        <DCCReference Include="DWScript\Test\UJSONTests.pas"/>
        <DCCReference Include="DWScript\Test\UJSSmartLinkerTests.pas"/>
        <DCCReference Include="DWScript\Test\UJSTestChromium.pas"/>
        <DCCReference Include="DWScript\Test\ULanguageExtensionTests.pas"/>
        <DCCReference Include="DWScript\Test\ULinqJsonTests.pas"/>
        <DCCReference Include="DWScript\Test\ULinqTests.pas"/>
        <DCCReference Include="DWScript\Test\ULocalizerTests.pas"/>
        <DCCReference Include="DWScript\Test\UMemoryTests.pas"/>
        <DCCReference Include="DWScript\Test\URTTIExposeTests.pas"/>
        <DCCReference Include="DWScript\Test\UScriptTests.pas"/>
        <DCCReference Include="DWScript\Test\USourceUtilsTests.pas"/>
        <DCCReference Include="DWScript\Test\USpecialTestsRTTI.pas"/>
        <DCCReference Include="DWScript\Test\USymbolDictionaryTests.pas"/>
        <DCCReference Include="DWScript\Test\UTestDispatcher.pas"/>
        <DCCReference Include="DWScript\Test\UTokenizerTests.pas"/>
        <DCCReference Include="DWScript\Test\WebLib\gethostbyaddr.pas"/>
        <DCCReference Include="DWScript\Test\WebLib\gethostbyname.pas"/>
        <DCCReference Include="DWScript\Test\WebLib\webrequest.pas"/>
        <DCCReference Include="DWScript\Test\TimeSeriesLib\basic_unnamed.pas"/>
        <DCCReference Include="DWScript\Test\TimeSeriesLib\nans.pas"/>
        <DCCReference Include="DWScript\Test\TimeSeriesLib\next.pas"/>
        <DCCReference Include="DWScript\Test\TimeSeriesLib\ranges.pas"/>
        <DCCReference Include="DWScript\Test\TimeSeriesLib\rounding.pas"/>
        <DCCReference Include="DWScript\Test\TabularLib\basic_batch.pas"/>
        <DCCReference Include="DWScript\Test\TabularLib\basic_cmp_jit.pas"/>
        <DCCReference Include="DWScript\Test\TabularLib\basic_cmp_nojit.pas"/>
        <DCCReference Include="DWScript\Test\TabularLib\basic_columns.pas"/>
        <DCCReference Include="DWScript\Test\TabularLib\basic_manyops.pas"/>
        <DCCReference Include="DWScript\Test\TabularLib\basic_ops_jit.pas"/>
        <DCCReference Include="DWScript\Test\TabularLib\basic_ops_nojit.pas"/>
        <DCCReference Include="DWScript\Test\TabularLib\dup.pas"/>
        <DCCReference Include="DWScript\Test\TabularLib\evaluate_columns.pas"/>
        <DCCReference Include="DWScript\Test\TabularLib\lookup_stress.pas"/>
        <DCCReference Include="DWScript\Test\TabularLib\lookupfield.pas"/>
        <DCCReference Include="DWScript\Test\TabularLib\newcolumns_compute.pas"/>
        <DCCReference Include="DWScript\Test\TabularLib\numfield_default.pas"/>
        <DCCReference Include="DWScript\Test\TabularLib\numfielddef_stress.pas"/>
        <DCCReference Include="DWScript\Test\TabularLib\round_floor_ceil.pas"/>
        <DCCReference Include="DWScript\Test\TabularLib\smape.pas"/>
        <DCCReference Include="DWScript\Test\SystemInfoLib\appinfo.pas"/>
        <DCCReference Include="DWScript\Test\SystemInfoLib\memory.pas"/>
        <DCCReference Include="DWScript\Test\SystemInfoLib\registry.pas"/>
        <DCCReference Include="DWScript\Test\SimpleScripts\ackermann.pas"/>
        <DCCReference Include="DWScript\Test\SimpleScripts\aliased_enum.pas"/>
        <DCCReference Include="DWScript\Test\SimpleScripts\aliased_float.pas"/>
        <DCCReference Include="DWScript\Test\SimpleScripts\aliased_vs_nil.pas"/>
        <DCCReference Include="DWScript\Test\SimpleScripts\alphanum.pas"/>
        <DCCReference Include="DWScript\Test\SimpleScripts\arithmetic.pas"/>
        <DCCReference Include="DWScript\Test\SimpleScripts\arithmetic_div.pas"/>
        <DCCReference Include="DWScript\Test\SimpleScripts\assert.pas"/>
        <DCCReference Include="DWScript\Test\SimpleScripts\assert_variant.pas"/>
        <DCCReference Include="DWScript\Test\SimpleScripts\assigned.pas"/>
        <DCCReference Include="DWScript\Test\SimpleScripts\assigned_funcresult.pas"/>
        <DCCReference Include="DWScript\Test\SimpleScripts\assignments.pas"/>
        <DCCReference Include="DWScript\Test\SimpleScripts\binary_literal.pas"/>
        <DCCReference Include="DWScript\Test\SimpleScripts\bitwise.pas"/>
        <DCCReference Include="DWScript\Test\SimpleScripts\bitwise_sar.pas"/>
        <DCCReference Include="DWScript\Test\SimpleScripts\bitwise_shifts.pas"/>
        <DCCReference Include="DWScript\Test\SimpleScripts\bool_combos.pas"/>
        <DCCReference Include="DWScript\Test\SimpleScripts\bool_string.pas"/>
        <DCCReference Include="DWScript\Test\SimpleScripts\bool_xor.pas"/>
        <DCCReference Include="DWScript\Test\SimpleScripts\boolean_and.pas"/>
        <DCCReference Include="DWScript\Test\SimpleScripts\boolean_array_of.pas"/>
        <DCCReference Include="DWScript\Test\SimpleScripts\boolean_is.pas"/>
        <DCCReference Include="DWScript\Test\SimpleScripts\boolean_optimize.pas"/>
        <DCCReference Include="DWScript\Test\SimpleScripts\boolean_or.pas"/>
        <DCCReference Include="DWScript\Test\SimpleScripts\booleans.pas"/>
        <DCCReference Include="DWScript\Test\SimpleScripts\break_continue.pas"/>
        <DCCReference Include="DWScript\Test\SimpleScripts\break_in_except_block.pas"/>
        <DCCReference Include="DWScript\Test\SimpleScripts\call_conventions.pas"/>
        <DCCReference Include="DWScript\Test\SimpleScripts\case_boolean.pas"/>
        <DCCReference Include="DWScript\Test\SimpleScripts\case_break.pas"/>
        <DCCReference Include="DWScript\Test\SimpleScripts\case_range.pas"/>
        <DCCReference Include="DWScript\Test\SimpleScripts\case_variant.pas"/>
        <DCCReference Include="DWScript\Test\SimpleScripts\case_variant_condition.pas"/>
        <DCCReference Include="DWScript\Test\SimpleScripts\casts_base_types.pas"/>
        <DCCReference Include="DWScript\Test\SimpleScripts\char_in.pas"/>
        <DCCReference Include="DWScript\Test\SimpleScripts\chinese.pas"/>
        <DCCReference Include="DWScript\Test\SimpleScripts\class_abstract_method.pas"/>
        <DCCReference Include="DWScript\Test\SimpleScripts\class_cast.pas"/>
        <DCCReference Include="DWScript\Test\SimpleScripts\class_cast_meta.pas"/>
        <DCCReference Include="DWScript\Test\SimpleScripts\class_const.pas"/>
        <DCCReference Include="DWScript\Test\SimpleScripts\class_const_as_prop.pas"/>
        <DCCReference Include="DWScript\Test\SimpleScripts\class_const2.pas"/>
        <DCCReference Include="DWScript\Test\SimpleScripts\class_const3.pas"/>
        <DCCReference Include="DWScript\Test\SimpleScripts\class_const4.pas"/>
        <DCCReference Include="DWScript\Test\SimpleScripts\class_forward.pas"/>
        <DCCReference Include="DWScript\Test\SimpleScripts\class_init.pas"/>
        <DCCReference Include="DWScript\Test\SimpleScripts\class_inline_declared.pas"/>
        <DCCReference Include="DWScript\Test\SimpleScripts\class_method.pas"/>
        <DCCReference Include="DWScript\Test\SimpleScripts\class_method2.pas"/>
        <DCCReference Include="DWScript\Test\SimpleScripts\class_method3.pas"/>
        <DCCReference Include="DWScript\Test\SimpleScripts\class_method4.pas"/>
        <DCCReference Include="DWScript\Test\SimpleScripts\class_of.pas"/>
        <DCCReference Include="DWScript\Test\SimpleScripts\class_of_cast.pas"/>
        <DCCReference Include="DWScript\Test\SimpleScripts\class_of2.pas"/>
        <DCCReference Include="DWScript\Test\SimpleScripts\class_of3.pas"/>
        <DCCReference Include="DWScript\Test\SimpleScripts\class_operator1.pas"/>
        <DCCReference Include="DWScript\Test\SimpleScripts\class_operator2.pas"/>
        <DCCReference Include="DWScript\Test\SimpleScripts\class_operator3.pas"/>
        <DCCReference Include="DWScript\Test\SimpleScripts\class_parent.pas"/>
        <DCCReference Include="DWScript\Test\SimpleScripts\class_property.pas"/>
        <DCCReference Include="DWScript\Test\SimpleScripts\class_scoping1.pas"/>
        <DCCReference Include="DWScript\Test\SimpleScripts\class_self.pas"/>
        <DCCReference Include="DWScript\Test\SimpleScripts\class_selfref.pas"/>
        <DCCReference Include="DWScript\Test\SimpleScripts\class_var.pas"/>
        <DCCReference Include="DWScript\Test\SimpleScripts\class_var_as_prop.pas"/>
        <DCCReference Include="DWScript\Test\SimpleScripts\class_var_dyn1.pas"/>
        <DCCReference Include="DWScript\Test\SimpleScripts\class_var_dyn2.pas"/>
        <DCCReference Include="DWScript\Test\SimpleScripts\classname.pas"/>
        <DCCReference Include="DWScript\Test\SimpleScripts\classname_nil_call.pas"/>
        <DCCReference Include="DWScript\Test\SimpleScripts\classtype.pas"/>
        <DCCReference Include="DWScript\Test\SimpleScripts\classtype_nil.pas"/>
        <DCCReference Include="DWScript\Test\SimpleScripts\clear_ref_in_destructor.pas"/>
        <DCCReference Include="DWScript\Test\SimpleScripts\clear_ref_in_static_method.pas"/>
        <DCCReference Include="DWScript\Test\SimpleScripts\clear_ref_in_virtual_method.pas"/>
        <DCCReference Include="DWScript\Test\SimpleScripts\coalesce_bool.pas"/>
        <DCCReference Include="DWScript\Test\SimpleScripts\coalesce_class.pas"/>
        <DCCReference Include="DWScript\Test\SimpleScripts\coalesce_class_2.pas"/>
        <DCCReference Include="DWScript\Test\SimpleScripts\coalesce_dynarray.pas"/>
        <DCCReference Include="DWScript\Test\SimpleScripts\coalesce_float.pas"/>
        <DCCReference Include="DWScript\Test\SimpleScripts\coalesce_int.pas"/>
        <DCCReference Include="DWScript\Test\SimpleScripts\coalesce_string.pas"/>
        <DCCReference Include="DWScript\Test\SimpleScripts\coalesce_variant.pas"/>
        <DCCReference Include="DWScript\Test\SimpleScripts\comments.pas"/>
        <DCCReference Include="DWScript\Test\SimpleScripts\comments_empty.pas"/>
        <DCCReference Include="DWScript\Test\SimpleScripts\compare_bools.pas"/>
        <DCCReference Include="DWScript\Test\SimpleScripts\compare_enumeration.pas"/>
        <DCCReference Include="DWScript\Test\SimpleScripts\compare_floats.pas"/>
        <DCCReference Include="DWScript\Test\SimpleScripts\compare_int_zero.pas"/>
        <DCCReference Include="DWScript\Test\SimpleScripts\compare_ints.pas"/>
        <DCCReference Include="DWScript\Test\SimpleScripts\compare_ints_table.pas"/>
        <DCCReference Include="DWScript\Test\SimpleScripts\compare_strings.pas"/>
        <DCCReference Include="DWScript\Test\SimpleScripts\compare_vars.pas"/>
        <DCCReference Include="DWScript\Test\SimpleScripts\conditionals.pas"/>
        <DCCReference Include="DWScript\Test\SimpleScripts\conditionals_else.pas"/>
        <DCCReference Include="DWScript\Test\SimpleScripts\conditionals_ifndef.pas"/>
        <DCCReference Include="DWScript\Test\SimpleScripts\conditionals_nested.pas"/>
        <DCCReference Include="DWScript\Test\SimpleScripts\conditionals_nested2.pas"/>
        <DCCReference Include="DWScript\Test\SimpleScripts\conditionals_nested3.pas"/>
        <DCCReference Include="DWScript\Test\SimpleScripts\conditionals_nested4.pas"/>
        <DCCReference Include="DWScript\Test\SimpleScripts\const_array_empty.pas"/>
        <DCCReference Include="DWScript\Test\SimpleScripts\const_array_nested1.pas"/>
        <DCCReference Include="DWScript\Test\SimpleScripts\const_array1.pas"/>
        <DCCReference Include="DWScript\Test\SimpleScripts\const_array2.pas"/>
        <DCCReference Include="DWScript\Test\SimpleScripts\const_array3.pas"/>
        <DCCReference Include="DWScript\Test\SimpleScripts\const_array4.pas"/>
        <DCCReference Include="DWScript\Test\SimpleScripts\const_array5.pas"/>
        <DCCReference Include="DWScript\Test\SimpleScripts\const_array6.pas"/>
        <DCCReference Include="DWScript\Test\SimpleScripts\const_array7.pas"/>
        <DCCReference Include="DWScript\Test\SimpleScripts\const_array8.pas"/>
        <DCCReference Include="DWScript\Test\SimpleScripts\const_block.pas"/>
        <DCCReference Include="DWScript\Test\SimpleScripts\const_deprecated.pas"/>
        <DCCReference Include="DWScript\Test\SimpleScripts\const_params1.pas"/>
        <DCCReference Include="DWScript\Test\SimpleScripts\const_params2.pas"/>
        <DCCReference Include="DWScript\Test\SimpleScripts\const_params3.pas"/>
        <DCCReference Include="DWScript\Test\SimpleScripts\const_record.pas"/>
        <DCCReference Include="DWScript\Test\SimpleScripts\constructor_overload.pas"/>
        <DCCReference Include="DWScript\Test\SimpleScripts\consts.pas"/>
        <DCCReference Include="DWScript\Test\SimpleScripts\consts_expr.pas"/>
        <DCCReference Include="DWScript\Test\SimpleScripts\contracts_code.pas"/>
        <DCCReference Include="DWScript\Test\SimpleScripts\contracts_old.pas"/>
        <DCCReference Include="DWScript\Test\SimpleScripts\contracts_subproc.pas"/>
        <DCCReference Include="DWScript\Test\SimpleScripts\conv_int_float.pas"/>
        <DCCReference Include="DWScript\Test\SimpleScripts\custom_array_type1.pas"/>
        <DCCReference Include="DWScript\Test\SimpleScripts\declared.pas"/>
        <DCCReference Include="DWScript\Test\SimpleScripts\default_func.pas"/>
        <DCCReference Include="DWScript\Test\SimpleScripts\default_parameters.pas"/>
        <DCCReference Include="DWScript\Test\SimpleScripts\default_parameters_empty_array.pas"/>
        <DCCReference Include="DWScript\Test\SimpleScripts\default_parameters_expr.pas"/>
        <DCCReference Include="DWScript\Test\SimpleScripts\defined.pas"/>
        <DCCReference Include="DWScript\Test\SimpleScripts\destroy.pas"/>
        <DCCReference Include="DWScript\Test\SimpleScripts\div_by_zero_float.pas"/>
        <DCCReference Include="DWScript\Test\SimpleScripts\div_by_zero_int.pas"/>
        <DCCReference Include="DWScript\Test\SimpleScripts\divide_assign.pas"/>
        <DCCReference Include="DWScript\Test\SimpleScripts\empty_body.pas"/>
        <DCCReference Include="DWScript\Test\SimpleScripts\enum_bool_op.pas"/>
        <DCCReference Include="DWScript\Test\SimpleScripts\enum_bounds.pas"/>
        <DCCReference Include="DWScript\Test\SimpleScripts\enum_byname.pas"/>
        <DCCReference Include="DWScript\Test\SimpleScripts\enum_casts.pas"/>
        <DCCReference Include="DWScript\Test\SimpleScripts\enum_const.pas"/>
        <DCCReference Include="DWScript\Test\SimpleScripts\enum_element_deprecated.pas"/>
        <DCCReference Include="DWScript\Test\SimpleScripts\enum_flags1.pas"/>
        <DCCReference Include="DWScript\Test\SimpleScripts\enum_scoped.pas"/>
        <DCCReference Include="DWScript\Test\SimpleScripts\enum_to_integer.pas"/>
        <DCCReference Include="DWScript\Test\SimpleScripts\enumerations.pas"/>
        <DCCReference Include="DWScript\Test\SimpleScripts\enumerations_names.pas"/>
        <DCCReference Include="DWScript\Test\SimpleScripts\enumerations_qualifiednames.pas"/>
        <DCCReference Include="DWScript\Test\SimpleScripts\enumerations2.pas"/>
        <DCCReference Include="DWScript\Test\SimpleScripts\event_virtual.pas"/>
        <DCCReference Include="DWScript\Test\SimpleScripts\exception_log.pas"/>
        <DCCReference Include="DWScript\Test\SimpleScripts\exception_nested_call.pas"/>
        <DCCReference Include="DWScript\Test\SimpleScripts\exception_nested_call2.pas"/>
        <DCCReference Include="DWScript\Test\SimpleScripts\exception_scoping.pas"/>
        <DCCReference Include="DWScript\Test\SimpleScripts\exceptions.pas"/>
        <DCCReference Include="DWScript\Test\SimpleScripts\exceptions2.pas"/>
        <DCCReference Include="DWScript\Test\SimpleScripts\exceptions3.pas"/>
        <DCCReference Include="DWScript\Test\SimpleScripts\exceptobj.pas"/>
        <DCCReference Include="DWScript\Test\SimpleScripts\exceptobj2.pas"/>
        <DCCReference Include="DWScript\Test\SimpleScripts\exceptobj3.pas"/>
        <DCCReference Include="DWScript\Test\SimpleScripts\exit.pas"/>
        <DCCReference Include="DWScript\Test\SimpleScripts\exit_case.pas"/>
        <DCCReference Include="DWScript\Test\SimpleScripts\exit_constructor.pas"/>
        <DCCReference Include="DWScript\Test\SimpleScripts\exit_finally.pas"/>
        <DCCReference Include="DWScript\Test\SimpleScripts\exit_finally2.pas"/>
        <DCCReference Include="DWScript\Test\SimpleScripts\exit_method_result.pas"/>
        <DCCReference Include="DWScript\Test\SimpleScripts\exit_result.pas"/>
        <DCCReference Include="DWScript\Test\SimpleScripts\exit_result2.pas"/>
        <DCCReference Include="DWScript\Test\SimpleScripts\external.pas"/>
        <DCCReference Include="DWScript\Test\SimpleScripts\field_as_var.pas"/>
        <DCCReference Include="DWScript\Test\SimpleScripts\field_integer_as_float.pas"/>
        <DCCReference Include="DWScript\Test\SimpleScripts\field_scope.pas"/>
        <DCCReference Include="DWScript\Test\SimpleScripts\field_typed_default.pas"/>
        <DCCReference Include="DWScript\Test\SimpleScripts\for_bounds_change.pas"/>
        <DCCReference Include="DWScript\Test\SimpleScripts\for_downto_100.pas"/>
        <DCCReference Include="DWScript\Test\SimpleScripts\for_in_array.pas"/>
        <DCCReference Include="DWScript\Test\SimpleScripts\for_in_enum.pas"/>
        <DCCReference Include="DWScript\Test\SimpleScripts\for_in_func_array.pas"/>
        <DCCReference Include="DWScript\Test\SimpleScripts\for_in_record_array.pas"/>
        <DCCReference Include="DWScript\Test\SimpleScripts\for_in_set.pas"/>
        <DCCReference Include="DWScript\Test\SimpleScripts\for_in_str.pas"/>
        <DCCReference Include="DWScript\Test\SimpleScripts\for_in_str_const.pas"/>
        <DCCReference Include="DWScript\Test\SimpleScripts\for_in_str2.pas"/>
        <DCCReference Include="DWScript\Test\SimpleScripts\for_in_str3.pas"/>
        <DCCReference Include="DWScript\Test\SimpleScripts\for_in_str4.pas"/>
        <DCCReference Include="DWScript\Test\SimpleScripts\for_in_subclass.pas"/>
        <DCCReference Include="DWScript\Test\SimpleScripts\for_step.pas"/>
        <DCCReference Include="DWScript\Test\SimpleScripts\for_step_flow.pas"/>
        <DCCReference Include="DWScript\Test\SimpleScripts\for_step_overflow.pas"/>
        <DCCReference Include="DWScript\Test\SimpleScripts\for_step_sign.pas"/>
        <DCCReference Include="DWScript\Test\SimpleScripts\for_to_100.pas"/>
        <DCCReference Include="DWScript\Test\SimpleScripts\for_to_variant.pas"/>
        <DCCReference Include="DWScript\Test\SimpleScripts\for_var_in_array.pas"/>
        <DCCReference Include="DWScript\Test\SimpleScripts\for_var_in_enumeration.pas"/>
        <DCCReference Include="DWScript\Test\SimpleScripts\for_var_in_field_array.pas"/>
        <DCCReference Include="DWScript\Test\SimpleScripts\for_var_in_string.pas"/>
        <DCCReference Include="DWScript\Test\SimpleScripts\for_var_to1.pas"/>
        <DCCReference Include="DWScript\Test\SimpleScripts\format.pas"/>
        <DCCReference Include="DWScript\Test\SimpleScripts\format_incorrect_params.pas"/>
        <DCCReference Include="DWScript\Test\SimpleScripts\format2.pas"/>
        <DCCReference Include="DWScript\Test\SimpleScripts\free_destroy.pas"/>
        <DCCReference Include="DWScript\Test\SimpleScripts\func_inline.pas"/>
        <DCCReference Include="DWScript\Test\SimpleScripts\func_nested_in_method.pas"/>
        <DCCReference Include="DWScript\Test\SimpleScripts\func_ptr_assigned.pas"/>
        <DCCReference Include="DWScript\Test\SimpleScripts\func_ptr_class_meth.pas"/>
        <DCCReference Include="DWScript\Test\SimpleScripts\func_ptr_classname.pas"/>
        <DCCReference Include="DWScript\Test\SimpleScripts\func_ptr_constant.pas"/>
        <DCCReference Include="DWScript\Test\SimpleScripts\func_ptr_default.pas"/>
        <DCCReference Include="DWScript\Test\SimpleScripts\func_ptr_field.pas"/>
        <DCCReference Include="DWScript\Test\SimpleScripts\func_ptr_field_no_param.pas"/>
        <DCCReference Include="DWScript\Test\SimpleScripts\func_ptr_param.pas"/>
        <DCCReference Include="DWScript\Test\SimpleScripts\func_ptr_property.pas"/>
        <DCCReference Include="DWScript\Test\SimpleScripts\func_ptr_property_alias.pas"/>
        <DCCReference Include="DWScript\Test\SimpleScripts\func_ptr_symbol_field.pas"/>
        <DCCReference Include="DWScript\Test\SimpleScripts\func_ptr_var.pas"/>
        <DCCReference Include="DWScript\Test\SimpleScripts\func_ptr_var_param.pas"/>
        <DCCReference Include="DWScript\Test\SimpleScripts\func_ptr1.pas"/>
        <DCCReference Include="DWScript\Test\SimpleScripts\func_ptr2.pas"/>
        <DCCReference Include="DWScript\Test\SimpleScripts\func_ptr3.pas"/>
        <DCCReference Include="DWScript\Test\SimpleScripts\func_ptr4.pas"/>
        <DCCReference Include="DWScript\Test\SimpleScripts\func_ptr5.pas"/>
        <DCCReference Include="DWScript\Test\SimpleScripts\func_result_as_byref.pas"/>
        <DCCReference Include="DWScript\Test\SimpleScripts\func_subfield.pas"/>
        <DCCReference Include="DWScript\Test\SimpleScripts\heredoc.pas"/>
        <DCCReference Include="DWScript\Test\SimpleScripts\heredoc_indent.pas"/>
        <DCCReference Include="DWScript\Test\SimpleScripts\heredoc_special.pas"/>
        <DCCReference Include="DWScript\Test\SimpleScripts\hint_warn.pas"/>
        <DCCReference Include="DWScript\Test\SimpleScripts\if_empty_terms.pas"/>
        <DCCReference Include="DWScript\Test\SimpleScripts\ifthenelse_expression_variant.pas"/>
        <DCCReference Include="DWScript\Test\SimpleScripts\ifthenelse_expression1.pas"/>
        <DCCReference Include="DWScript\Test\SimpleScripts\ifthenelse_expression2.pas"/>
        <DCCReference Include="DWScript\Test\SimpleScripts\ifthenelse_expression3.pas"/>
        <DCCReference Include="DWScript\Test\SimpleScripts\ifthenelse_expression4.pas"/>
        <DCCReference Include="DWScript\Test\SimpleScripts\ifthenelse_expression5.pas"/>
        <DCCReference Include="DWScript\Test\SimpleScripts\ifthenelse_expression6.pas"/>
        <DCCReference Include="DWScript\Test\SimpleScripts\ifthenelse_optimize1.pas"/>
        <DCCReference Include="DWScript\Test\SimpleScripts\ifthenelse_optimize2.pas"/>
        <DCCReference Include="DWScript\Test\SimpleScripts\ifthenelse_optimize3.pas"/>
        <DCCReference Include="DWScript\Test\SimpleScripts\ignore_result.pas"/>
        <DCCReference Include="DWScript\Test\SimpleScripts\implicit_typed_int_to_float.pas"/>
        <DCCReference Include="DWScript\Test\SimpleScripts\implies.pas"/>
        <DCCReference Include="DWScript\Test\SimpleScripts\in_class_operator.pas"/>
        <DCCReference Include="DWScript\Test\SimpleScripts\in_integer_operator1.pas"/>
        <DCCReference Include="DWScript\Test\SimpleScripts\in_integer_operator2.pas"/>
        <DCCReference Include="DWScript\Test\SimpleScripts\in_operator.pas"/>
        <DCCReference Include="DWScript\Test\SimpleScripts\in_string.pas"/>
        <DCCReference Include="DWScript\Test\SimpleScripts\inc_dec_field.pas"/>
        <DCCReference Include="DWScript\Test\SimpleScripts\inc_dec_sideeffect.pas"/>
        <DCCReference Include="DWScript\Test\SimpleScripts\include.pas"/>
        <DCCReference Include="DWScript\Test\SimpleScripts\include_expr.pas"/>
        <DCCReference Include="DWScript\Test\SimpleScripts\include_once.pas"/>
        <DCCReference Include="DWScript\Test\SimpleScripts\include_once2.pas"/>
        <DCCReference Include="DWScript\Test\SimpleScripts\includeSym.pas"/>
        <DCCReference Include="DWScript\Test\SimpleScripts\index_property.pas"/>
        <DCCReference Include="DWScript\Test\SimpleScripts\inference1.pas"/>
        <DCCReference Include="DWScript\Test\SimpleScripts\inference2.pas"/>
        <DCCReference Include="DWScript\Test\SimpleScripts\inherited_constructor.pas"/>
        <DCCReference Include="DWScript\Test\SimpleScripts\inherited1.pas"/>
        <DCCReference Include="DWScript\Test\SimpleScripts\inherited2.pas"/>
        <DCCReference Include="DWScript\Test\SimpleScripts\init_dynamic_empty.pas"/>
        <DCCReference Include="DWScript\Test\SimpleScripts\int_float.pas"/>
        <DCCReference Include="DWScript\Test\SimpleScripts\int_hex_constant.pas"/>
        <DCCReference Include="DWScript\Test\SimpleScripts\lazy.pas"/>
        <DCCReference Include="DWScript\Test\SimpleScripts\lazy_recursive.pas"/>
        <DCCReference Include="DWScript\Test\SimpleScripts\lazy_sqr.pas"/>
        <DCCReference Include="DWScript\Test\SimpleScripts\long_name.pas"/>
        <DCCReference Include="DWScript\Test\SimpleScripts\loop_and_half.pas"/>
        <DCCReference Include="DWScript\Test\SimpleScripts\loop_over_arrays.pas"/>
        <DCCReference Include="DWScript\Test\SimpleScripts\low_high.pas"/>
        <DCCReference Include="DWScript\Test\SimpleScripts\meth_ptr1.pas"/>
        <DCCReference Include="DWScript\Test\SimpleScripts\method_condition.pas"/>
        <DCCReference Include="DWScript\Test\SimpleScripts\method_contracts.pas"/>
        <DCCReference Include="DWScript\Test\SimpleScripts\method_implem.pas"/>
        <DCCReference Include="DWScript\Test\SimpleScripts\method_with_name_of_prop.pas"/>
        <DCCReference Include="DWScript\Test\SimpleScripts\method1.pas"/>
        <DCCReference Include="DWScript\Test\SimpleScripts\minus_assign.pas"/>
        <DCCReference Include="DWScript\Test\SimpleScripts\missing_semicolon.pas"/>
        <DCCReference Include="DWScript\Test\SimpleScripts\mixed_nil_array.pas"/>
        <DCCReference Include="DWScript\Test\SimpleScripts\mod_by_zero_int.pas"/>
        <DCCReference Include="DWScript\Test\SimpleScripts\mod_float.pas"/>
        <DCCReference Include="DWScript\Test\SimpleScripts\mod_float_large.pas"/>
        <DCCReference Include="DWScript\Test\SimpleScripts\modulo.pas"/>
        <DCCReference Include="DWScript\Test\SimpleScripts\mul_div.pas"/>
        <DCCReference Include="DWScript\Test\SimpleScripts\mul_div_optimize.pas"/>
        <DCCReference Include="DWScript\Test\SimpleScripts\mult_assign.pas"/>
        <DCCReference Include="DWScript\Test\SimpleScripts\mult_by2.pas"/>
        <DCCReference Include="DWScript\Test\SimpleScripts\nested_call.pas"/>
        <DCCReference Include="DWScript\Test\SimpleScripts\nested_declarations.pas"/>
        <DCCReference Include="DWScript\Test\SimpleScripts\new_class_alias.pas"/>
        <DCCReference Include="DWScript\Test\SimpleScripts\new_class1.pas"/>
        <DCCReference Include="DWScript\Test\SimpleScripts\new_class2.pas"/>
        <DCCReference Include="DWScript\Test\SimpleScripts\new_class3.pas"/>
        <DCCReference Include="DWScript\Test\SimpleScripts\new_class4.pas"/>
        <DCCReference Include="DWScript\Test\SimpleScripts\nil_meta_parameter.pas"/>
        <DCCReference Include="DWScript\Test\SimpleScripts\not_in_operator.pas"/>
        <DCCReference Include="DWScript\Test\SimpleScripts\oop.pas"/>
        <DCCReference Include="DWScript\Test\SimpleScripts\oop_compare.pas"/>
        <DCCReference Include="DWScript\Test\SimpleScripts\oop_field.pas"/>
        <DCCReference Include="DWScript\Test\SimpleScripts\oop_is_as.pas"/>
        <DCCReference Include="DWScript\Test\SimpleScripts\open_array_bounds.pas"/>
        <DCCReference Include="DWScript\Test\SimpleScripts\open_array1.pas"/>
        <DCCReference Include="DWScript\Test\SimpleScripts\open_array2.pas"/>
        <DCCReference Include="DWScript\Test\SimpleScripts\open_array3.pas"/>
        <DCCReference Include="DWScript\Test\SimpleScripts\operator_precedence1.pas"/>
        <DCCReference Include="DWScript\Test\SimpleScripts\ord.pas"/>
        <DCCReference Include="DWScript\Test\SimpleScripts\ord_bool.pas"/>
        <DCCReference Include="DWScript\Test\SimpleScripts\ord_string_op.pas"/>
        <DCCReference Include="DWScript\Test\SimpleScripts\ord_surrogate.pas"/>
        <DCCReference Include="DWScript\Test\SimpleScripts\override_deep.pas"/>
        <DCCReference Include="DWScript\Test\SimpleScripts\params_autocast.pas"/>
        <DCCReference Include="DWScript\Test\SimpleScripts\partial_class_subclass.pas"/>
        <DCCReference Include="DWScript\Test\SimpleScripts\partial_class_unit.pas"/>
        <DCCReference Include="DWScript\Test\SimpleScripts\partial_class1.pas"/>
        <DCCReference Include="DWScript\Test\SimpleScripts\partial_class2.pas"/>
        <DCCReference Include="DWScript\Test\SimpleScripts\partial_class3.pas"/>
        <DCCReference Include="DWScript\Test\SimpleScripts\plus_assign.pas"/>
        <DCCReference Include="DWScript\Test\SimpleScripts\plus_plus_minus_minus.pas"/>
        <DCCReference Include="DWScript\Test\SimpleScripts\proc_of_method.pas"/>
        <DCCReference Include="DWScript\Test\SimpleScripts\procedure_contracts.pas"/>
        <DCCReference Include="DWScript\Test\SimpleScripts\programmer.pas"/>
        <DCCReference Include="DWScript\Test\SimpleScripts\programDot.pas"/>
        <DCCReference Include="DWScript\Test\SimpleScripts\property_call.pas"/>
        <DCCReference Include="DWScript\Test\SimpleScripts\property_chain.pas"/>
        <DCCReference Include="DWScript\Test\SimpleScripts\property_index.pas"/>
        <DCCReference Include="DWScript\Test\SimpleScripts\property_of_as.pas"/>
        <DCCReference Include="DWScript\Test\SimpleScripts\property_promotion.pas"/>
        <DCCReference Include="DWScript\Test\SimpleScripts\property_reintroduce.pas"/>
        <DCCReference Include="DWScript\Test\SimpleScripts\property_sub_default.pas"/>
        <DCCReference Include="DWScript\Test\SimpleScripts\property_type_array.pas"/>
        <DCCReference Include="DWScript\Test\SimpleScripts\raise_nil.pas"/>
        <DCCReference Include="DWScript\Test\SimpleScripts\re_raise.pas"/>
        <DCCReference Include="DWScript\Test\SimpleScripts\readonly_field.pas"/>
        <DCCReference Include="DWScript\Test\SimpleScripts\record_aliased_field.pas"/>
        <DCCReference Include="DWScript\Test\SimpleScripts\record_booleans.pas"/>
        <DCCReference Include="DWScript\Test\SimpleScripts\record_class_field_init.pas"/>
        <DCCReference Include="DWScript\Test\SimpleScripts\record_clone1.pas"/>
        <DCCReference Include="DWScript\Test\SimpleScripts\record_const.pas"/>
        <DCCReference Include="DWScript\Test\SimpleScripts\record_const_as_prop.pas"/>
        <DCCReference Include="DWScript\Test\SimpleScripts\record_dynamic_init.pas"/>
        <DCCReference Include="DWScript\Test\SimpleScripts\record_field_init.pas"/>
        <DCCReference Include="DWScript\Test\SimpleScripts\record_in_copy.pas"/>
        <DCCReference Include="DWScript\Test\SimpleScripts\record_metaclass_field.pas"/>
        <DCCReference Include="DWScript\Test\SimpleScripts\record_method.pas"/>
        <DCCReference Include="DWScript\Test\SimpleScripts\record_method_static.pas"/>
        <DCCReference Include="DWScript\Test\SimpleScripts\record_method2.pas"/>
        <DCCReference Include="DWScript\Test\SimpleScripts\record_method3.pas"/>
        <DCCReference Include="DWScript\Test\SimpleScripts\record_method4.pas"/>
        <DCCReference Include="DWScript\Test\SimpleScripts\record_method5.pas"/>
        <DCCReference Include="DWScript\Test\SimpleScripts\record_nested.pas"/>
        <DCCReference Include="DWScript\Test\SimpleScripts\record_nested2.pas"/>
        <DCCReference Include="DWScript\Test\SimpleScripts\record_obj_field.pas"/>
        <DCCReference Include="DWScript\Test\SimpleScripts\record_passing.pas"/>
        <DCCReference Include="DWScript\Test\SimpleScripts\record_passing2.pas"/>
        <DCCReference Include="DWScript\Test\SimpleScripts\record_passing3.pas"/>
        <DCCReference Include="DWScript\Test\SimpleScripts\record_passing4.pas"/>
        <DCCReference Include="DWScript\Test\SimpleScripts\record_property.pas"/>
        <DCCReference Include="DWScript\Test\SimpleScripts\record_record_field_init.pas"/>
        <DCCReference Include="DWScript\Test\SimpleScripts\record_recursive_dynarray.pas"/>
        <DCCReference Include="DWScript\Test\SimpleScripts\record_result.pas"/>
        <DCCReference Include="DWScript\Test\SimpleScripts\record_result2.pas"/>
        <DCCReference Include="DWScript\Test\SimpleScripts\record_result3.pas"/>
        <DCCReference Include="DWScript\Test\SimpleScripts\record_result4.pas"/>
        <DCCReference Include="DWScript\Test\SimpleScripts\record_static_array.pas"/>
        <DCCReference Include="DWScript\Test\SimpleScripts\record_var.pas"/>
        <DCCReference Include="DWScript\Test\SimpleScripts\record_var_as_prop.pas"/>
        <DCCReference Include="DWScript\Test\SimpleScripts\record_var_param1.pas"/>
        <DCCReference Include="DWScript\Test\SimpleScripts\record_var_param2.pas"/>
        <DCCReference Include="DWScript\Test\SimpleScripts\recursive_path.pas"/>
        <DCCReference Include="DWScript\Test\SimpleScripts\reintroduce.pas"/>
        <DCCReference Include="DWScript\Test\SimpleScripts\reintroduce_virtual.pas"/>
        <DCCReference Include="DWScript\Test\SimpleScripts\reserved_word.pas"/>
        <DCCReference Include="DWScript\Test\SimpleScripts\resourcestring1.pas"/>
        <DCCReference Include="DWScript\Test\SimpleScripts\result_direct.pas"/>
        <DCCReference Include="DWScript\Test\SimpleScripts\result_init.pas"/>
        <DCCReference Include="DWScript\Test\SimpleScripts\self.pas"/>
        <DCCReference Include="DWScript\Test\SimpleScripts\special_chars.pas"/>
        <DCCReference Include="DWScript\Test\SimpleScripts\stack_depth.pas"/>
        <DCCReference Include="DWScript\Test\SimpleScripts\stack_of_proc.pas"/>
        <DCCReference Include="DWScript\Test\SimpleScripts\stack_peek.pas"/>
        <DCCReference Include="DWScript\Test\SimpleScripts\stacktrace.pas"/>
        <DCCReference Include="DWScript\Test\SimpleScripts\static_array_const.pas"/>
        <DCCReference Include="DWScript\Test\SimpleScripts\static_class.pas"/>
        <DCCReference Include="DWScript\Test\SimpleScripts\static_class_array.pas"/>
        <DCCReference Include="DWScript\Test\SimpleScripts\static_method1.pas"/>
        <DCCReference Include="DWScript\Test\SimpleScripts\static_method2.pas"/>
        <DCCReference Include="DWScript\Test\SimpleScripts\static_method3.pas"/>
        <DCCReference Include="DWScript\Test\SimpleScripts\static_to_dynamic_empty_array.pas"/>
        <DCCReference Include="DWScript\Test\SimpleScripts\string_aggregate.pas"/>
        <DCCReference Include="DWScript\Test\SimpleScripts\string_array_item_get_set.pas"/>
        <DCCReference Include="DWScript\Test\SimpleScripts\string_bounds.pas"/>
        <DCCReference Include="DWScript\Test\SimpleScripts\string_bounds2.pas"/>
        <DCCReference Include="DWScript\Test\SimpleScripts\string_builtin_methods.pas"/>
        <DCCReference Include="DWScript\Test\SimpleScripts\string_class_field_get_set.pas"/>
        <DCCReference Include="DWScript\Test\SimpleScripts\string_compare.pas"/>
        <DCCReference Include="DWScript\Test\SimpleScripts\string_in_op.pas"/>
        <DCCReference Include="DWScript\Test\SimpleScripts\string_in_op2.pas"/>
        <DCCReference Include="DWScript\Test\SimpleScripts\string_in_op3.pas"/>
        <DCCReference Include="DWScript\Test\SimpleScripts\string_manip.pas"/>
        <DCCReference Include="DWScript\Test\SimpleScripts\string_quotes.pas"/>
        <DCCReference Include="DWScript\Test\SimpleScripts\string_record_field_get_set.pas"/>
        <DCCReference Include="DWScript\Test\SimpleScripts\string_static_access.pas"/>
        <DCCReference Include="DWScript\Test\SimpleScripts\swap_record.pas"/>
        <DCCReference Include="DWScript\Test\SimpleScripts\swap_static_array.pas"/>
        <DCCReference Include="DWScript\Test\SimpleScripts\swap1.pas"/>
        <DCCReference Include="DWScript\Test\SimpleScripts\swap2.pas"/>
        <DCCReference Include="DWScript\Test\SimpleScripts\triple_apos1.pas"/>
        <DCCReference Include="DWScript\Test\SimpleScripts\triple_apos2.pas"/>
        <DCCReference Include="DWScript\Test\SimpleScripts\try_except_finally.pas"/>
        <DCCReference Include="DWScript\Test\SimpleScripts\unicode_const.pas"/>
        <DCCReference Include="DWScript\Test\SimpleScripts\unicode_identifiers.pas"/>
        <DCCReference Include="DWScript\Test\SimpleScripts\unicode_print.pas"/>
        <DCCReference Include="DWScript\Test\SimpleScripts\value_type_separation.pas"/>
        <DCCReference Include="DWScript\Test\SimpleScripts\var_eq_nil.pas"/>
        <DCCReference Include="DWScript\Test\SimpleScripts\var_nan.pas"/>
        <DCCReference Include="DWScript\Test\SimpleScripts\var_param_casts.pas"/>
        <DCCReference Include="DWScript\Test\SimpleScripts\var_param_nested.pas"/>
        <DCCReference Include="DWScript\Test\SimpleScripts\var_param_obj_method.pas"/>
        <DCCReference Include="DWScript\Test\SimpleScripts\var_param_parent.pas"/>
        <DCCReference Include="DWScript\Test\SimpleScripts\var_param_rec_field.pas"/>
        <DCCReference Include="DWScript\Test\SimpleScripts\var_param_rec_method.pas"/>
        <DCCReference Include="DWScript\Test\SimpleScripts\var_param_record.pas"/>
        <DCCReference Include="DWScript\Test\SimpleScripts\variable_initialization.pas"/>
        <DCCReference Include="DWScript\Test\SimpleScripts\variable_initialization2.pas"/>
        <DCCReference Include="DWScript\Test\SimpleScripts\variant_compound_ops.pas"/>
        <DCCReference Include="DWScript\Test\SimpleScripts\variant_logical_ops.pas"/>
        <DCCReference Include="DWScript\Test\SimpleScripts\variant_ops.pas"/>
        <DCCReference Include="DWScript\Test\SimpleScripts\variant_unassigned_equal.pas"/>
        <DCCReference Include="DWScript\Test\SimpleScripts\variants.pas"/>
        <DCCReference Include="DWScript\Test\SimpleScripts\variants_as_casts.pas"/>
        <DCCReference Include="DWScript\Test\SimpleScripts\variants_binary_bool_int.pas"/>
        <DCCReference Include="DWScript\Test\SimpleScripts\variants_bool.pas"/>
        <DCCReference Include="DWScript\Test\SimpleScripts\variants_casts.pas"/>
        <DCCReference Include="DWScript\Test\SimpleScripts\variants_explicit_casts.pas"/>
        <DCCReference Include="DWScript\Test\SimpleScripts\variants_is_bool.pas"/>
        <DCCReference Include="DWScript\Test\SimpleScripts\variants_strict.pas"/>
        <DCCReference Include="DWScript\Test\SimpleScripts\virtual_constructor.pas"/>
        <DCCReference Include="DWScript\Test\SimpleScripts\virtual_constructor2.pas"/>
        <DCCReference Include="DWScript\Test\SimpleScripts\while_true.pas"/>
        <DCCReference Include="DWScript\Test\SimpleScripts\with1.pas"/>
        <BuildConfiguration Include="Base">
            <Key>Base</Key>
        </BuildConfiguration>
        <BuildConfiguration Include="Debug">
            <Key>Cfg_1</Key>
            <CfgParent>Base</CfgParent>
        </BuildConfiguration>
        <BuildConfiguration Include="Release">
            <Key>Cfg_2</Key>
            <CfgParent>Base</CfgParent>
        </BuildConfiguration>
    </ItemGroup>
    <ProjectExtensions>
        <Borland.Personality>Delphi.Personality.12</Borland.Personality>
        <Borland.ProjectType>Console</Borland.ProjectType>
        <BorlandProject>
            <Delphi.Personality>
                <Source>
                    <Source Name="MainSource">PSP.dpr</Source>
                </Source>
                <Excluded_Packages>
                    <Excluded_Packages Name="$(BDSBIN)\dclIPIndyImpl290.bpl">IP Abstraction Indy Implementation Design Time</Excluded_Packages>
                    <Excluded_Packages Name="$(BDSBIN)\dclIndyCore290.bpl">Indy 10 Core Design Time</Excluded_Packages>
                    <Excluded_Packages Name="$(BDSBIN)\dclIndyProtocols290.bpl">Indy 10 Protocols Design Time</Excluded_Packages>
                    <Excluded_Packages Name="$(BDSBIN)\dcloffice2k290.bpl">Microsoft Office 2000 Sample Automation Server Wrapper Components</Excluded_Packages>
                    <Excluded_Packages Name="$(BDSBIN)\dclofficexp290.bpl">Microsoft Office XP Sample Automation Server Wrapper Components</Excluded_Packages>
                </Excluded_Packages>
            </Delphi.Personality>
            <Deployment Version="4">
                <DeployFile LocalName="$(BDS)\Redist\iossimulator\libcgunwind.1.0.dylib" Class="DependencyModule">
                    <Platform Name="iOSSimulator">
                        <Overwrite>true</Overwrite>
                    </Platform>
                </DeployFile>
                <DeployFile LocalName="$(BDS)\Redist\iossimulator\libpcre.dylib" Class="DependencyModule">
                    <Platform Name="iOSSimulator">
                        <Overwrite>true</Overwrite>
                    </Platform>
                </DeployFile>
                <DeployFile LocalName="$(BDS)\Redist\osx32\libcgunwind.1.0.dylib" Class="DependencyModule">
                    <Platform Name="OSX32">
                        <Overwrite>true</Overwrite>
                    </Platform>
                </DeployFile>
                <DeployFile LocalName="Win32\Debug\PSP.exe" Configuration="Debug" Class="ProjectOutput">
                    <Platform Name="Win32">
                        <RemoteName>PSP.exe</RemoteName>
                        <Overwrite>true</Overwrite>
                    </Platform>
                </DeployFile>
                <DeployClass Name="AdditionalDebugSymbols">
                    <Platform Name="OSX32">
                        <Operation>1</Operation>
                    </Platform>
                    <Platform Name="Win32">
                        <Operation>0</Operation>
                    </Platform>
                </DeployClass>
                <DeployClass Name="AndroidClasses">
                    <Platform Name="Android">
                        <RemoteDir>classes</RemoteDir>
                        <Operation>64</Operation>
                    </Platform>
                    <Platform Name="Android64">
                        <RemoteDir>classes</RemoteDir>
                        <Operation>64</Operation>
                    </Platform>
                </DeployClass>
                <DeployClass Name="AndroidFileProvider">
                    <Platform Name="Android">
                        <RemoteDir>res\xml</RemoteDir>
                        <Operation>1</Operation>
                    </Platform>
                    <Platform Name="Android64">
                        <RemoteDir>res\xml</RemoteDir>
                        <Operation>1</Operation>
                    </Platform>
                </DeployClass>
                <DeployClass Name="AndroidLibnativeArmeabiFile">
                    <Platform Name="Android">
                        <RemoteDir>library\lib\armeabi</RemoteDir>
                        <Operation>1</Operation>
                    </Platform>
                    <Platform Name="Android64">
                        <RemoteDir>library\lib\armeabi</RemoteDir>
                        <Operation>1</Operation>
                    </Platform>
                </DeployClass>
                <DeployClass Name="AndroidLibnativeArmeabiv7aFile">
                    <Platform Name="Android64">
                        <RemoteDir>library\lib\armeabi-v7a</RemoteDir>
                        <Operation>1</Operation>
                    </Platform>
                </DeployClass>
                <DeployClass Name="AndroidLibnativeMipsFile">
                    <Platform Name="Android">
                        <RemoteDir>library\lib\mips</RemoteDir>
                        <Operation>1</Operation>
                    </Platform>
                    <Platform Name="Android64">
                        <RemoteDir>library\lib\mips</RemoteDir>
                        <Operation>1</Operation>
                    </Platform>
                </DeployClass>
                <DeployClass Name="AndroidServiceOutput">
                    <Platform Name="Android">
                        <RemoteDir>library\lib\armeabi-v7a</RemoteDir>
                        <Operation>1</Operation>
                    </Platform>
                    <Platform Name="Android64">
                        <RemoteDir>library\lib\arm64-v8a</RemoteDir>
                        <Operation>1</Operation>
                    </Platform>
                </DeployClass>
                <DeployClass Name="AndroidServiceOutput_Android32">
                    <Platform Name="Android64">
                        <RemoteDir>library\lib\armeabi-v7a</RemoteDir>
                        <Operation>1</Operation>
                    </Platform>
                </DeployClass>
                <DeployClass Name="AndroidSplashImageDef">
                    <Platform Name="Android">
                        <RemoteDir>res\drawable</RemoteDir>
                        <Operation>1</Operation>
                    </Platform>
                    <Platform Name="Android64">
                        <RemoteDir>res\drawable</RemoteDir>
                        <Operation>1</Operation>
                    </Platform>
                </DeployClass>
                <DeployClass Name="AndroidSplashImageDefV21">
                    <Platform Name="Android">
                        <RemoteDir>res\drawable-anydpi-v21</RemoteDir>
                        <Operation>1</Operation>
                    </Platform>
                    <Platform Name="Android64">
                        <RemoteDir>res\drawable-anydpi-v21</RemoteDir>
                        <Operation>1</Operation>
                    </Platform>
                </DeployClass>
                <DeployClass Name="AndroidSplashStyles">
                    <Platform Name="Android">
                        <RemoteDir>res\values</RemoteDir>
                        <Operation>1</Operation>
                    </Platform>
                    <Platform Name="Android64">
                        <RemoteDir>res\values</RemoteDir>
                        <Operation>1</Operation>
                    </Platform>
                </DeployClass>
                <DeployClass Name="AndroidSplashStylesV21">
                    <Platform Name="Android">
                        <RemoteDir>res\values-v21</RemoteDir>
                        <Operation>1</Operation>
                    </Platform>
                    <Platform Name="Android64">
                        <RemoteDir>res\values-v21</RemoteDir>
                        <Operation>1</Operation>
                    </Platform>
                </DeployClass>
                <DeployClass Name="AndroidSplashStylesV31">
                    <Platform Name="Android">
                        <RemoteDir>res\values-v31</RemoteDir>
                        <Operation>1</Operation>
                    </Platform>
                    <Platform Name="Android64">
                        <RemoteDir>res\values-v31</RemoteDir>
                        <Operation>1</Operation>
                    </Platform>
                </DeployClass>
                <DeployClass Name="Android_AdaptiveIcon">
                    <Platform Name="Android">
                        <RemoteDir>res\drawable-anydpi-v26</RemoteDir>
                        <Operation>1</Operation>
                    </Platform>
                    <Platform Name="Android64">
                        <RemoteDir>res\drawable-anydpi-v26</RemoteDir>
                        <Operation>1</Operation>
                    </Platform>
                </DeployClass>
                <DeployClass Name="Android_AdaptiveIconBackground">
                    <Platform Name="Android">
                        <RemoteDir>res\drawable</RemoteDir>
                        <Operation>1</Operation>
                    </Platform>
                    <Platform Name="Android64">
                        <RemoteDir>res\drawable</RemoteDir>
                        <Operation>1</Operation>
                    </Platform>
                </DeployClass>
                <DeployClass Name="Android_AdaptiveIconForeground">
                    <Platform Name="Android">
                        <RemoteDir>res\drawable</RemoteDir>
                        <Operation>1</Operation>
                    </Platform>
                    <Platform Name="Android64">
                        <RemoteDir>res\drawable</RemoteDir>
                        <Operation>1</Operation>
                    </Platform>
                </DeployClass>
                <DeployClass Name="Android_AdaptiveIconMonochrome">
                    <Platform Name="Android">
                        <RemoteDir>res\drawable</RemoteDir>
                        <Operation>1</Operation>
                    </Platform>
                    <Platform Name="Android64">
                        <RemoteDir>res\drawable</RemoteDir>
                        <Operation>1</Operation>
                    </Platform>
                </DeployClass>
                <DeployClass Name="Android_AdaptiveIconV33">
                    <Platform Name="Android">
                        <RemoteDir>res\drawable-anydpi-v33</RemoteDir>
                        <Operation>1</Operation>
                    </Platform>
                    <Platform Name="Android64">
                        <RemoteDir>res\drawable-anydpi-v33</RemoteDir>
                        <Operation>1</Operation>
                    </Platform>
                </DeployClass>
                <DeployClass Name="Android_Colors">
                    <Platform Name="Android">
                        <RemoteDir>res\values</RemoteDir>
                        <Operation>1</Operation>
                    </Platform>
                    <Platform Name="Android64">
                        <RemoteDir>res\values</RemoteDir>
                        <Operation>1</Operation>
                    </Platform>
                </DeployClass>
                <DeployClass Name="Android_ColorsDark">
                    <Platform Name="Android">
                        <RemoteDir>res\values-night-v21</RemoteDir>
                        <Operation>1</Operation>
                    </Platform>
                    <Platform Name="Android64">
                        <RemoteDir>res\values-night-v21</RemoteDir>
                        <Operation>1</Operation>
                    </Platform>
                </DeployClass>
                <DeployClass Name="Android_DefaultAppIcon">
                    <Platform Name="Android">
                        <RemoteDir>res\drawable</RemoteDir>
                        <Operation>1</Operation>
                    </Platform>
                    <Platform Name="Android64">
                        <RemoteDir>res\drawable</RemoteDir>
                        <Operation>1</Operation>
                    </Platform>
                </DeployClass>
                <DeployClass Name="Android_LauncherIcon144">
                    <Platform Name="Android">
                        <RemoteDir>res\drawable-xxhdpi</RemoteDir>
                        <Operation>1</Operation>
                    </Platform>
                    <Platform Name="Android64">
                        <RemoteDir>res\drawable-xxhdpi</RemoteDir>
                        <Operation>1</Operation>
                    </Platform>
                </DeployClass>
                <DeployClass Name="Android_LauncherIcon192">
                    <Platform Name="Android">
                        <RemoteDir>res\drawable-xxxhdpi</RemoteDir>
                        <Operation>1</Operation>
                    </Platform>
                    <Platform Name="Android64">
                        <RemoteDir>res\drawable-xxxhdpi</RemoteDir>
                        <Operation>1</Operation>
                    </Platform>
                </DeployClass>
                <DeployClass Name="Android_LauncherIcon36">
                    <Platform Name="Android">
                        <RemoteDir>res\drawable-ldpi</RemoteDir>
                        <Operation>1</Operation>
                    </Platform>
                    <Platform Name="Android64">
                        <RemoteDir>res\drawable-ldpi</RemoteDir>
                        <Operation>1</Operation>
                    </Platform>
                </DeployClass>
                <DeployClass Name="Android_LauncherIcon48">
                    <Platform Name="Android">
                        <RemoteDir>res\drawable-mdpi</RemoteDir>
                        <Operation>1</Operation>
                    </Platform>
                    <Platform Name="Android64">
                        <RemoteDir>res\drawable-mdpi</RemoteDir>
                        <Operation>1</Operation>
                    </Platform>
                </DeployClass>
                <DeployClass Name="Android_LauncherIcon72">
                    <Platform Name="Android">
                        <RemoteDir>res\drawable-hdpi</RemoteDir>
                        <Operation>1</Operation>
                    </Platform>
                    <Platform Name="Android64">
                        <RemoteDir>res\drawable-hdpi</RemoteDir>
                        <Operation>1</Operation>
                    </Platform>
                </DeployClass>
                <DeployClass Name="Android_LauncherIcon96">
                    <Platform Name="Android">
                        <RemoteDir>res\drawable-xhdpi</RemoteDir>
                        <Operation>1</Operation>
                    </Platform>
                    <Platform Name="Android64">
                        <RemoteDir>res\drawable-xhdpi</RemoteDir>
                        <Operation>1</Operation>
                    </Platform>
                </DeployClass>
                <DeployClass Name="Android_NotificationIcon24">
                    <Platform Name="Android">
                        <RemoteDir>res\drawable-mdpi</RemoteDir>
                        <Operation>1</Operation>
                    </Platform>
                    <Platform Name="Android64">
                        <RemoteDir>res\drawable-mdpi</RemoteDir>
                        <Operation>1</Operation>
                    </Platform>
                </DeployClass>
                <DeployClass Name="Android_NotificationIcon36">
                    <Platform Name="Android">
                        <RemoteDir>res\drawable-hdpi</RemoteDir>
                        <Operation>1</Operation>
                    </Platform>
                    <Platform Name="Android64">
                        <RemoteDir>res\drawable-hdpi</RemoteDir>
                        <Operation>1</Operation>
                    </Platform>
                </DeployClass>
                <DeployClass Name="Android_NotificationIcon48">
                    <Platform Name="Android">
                        <RemoteDir>res\drawable-xhdpi</RemoteDir>
                        <Operation>1</Operation>
                    </Platform>
                    <Platform Name="Android64">
                        <RemoteDir>res\drawable-xhdpi</RemoteDir>
                        <Operation>1</Operation>
                    </Platform>
                </DeployClass>
                <DeployClass Name="Android_NotificationIcon72">
                    <Platform Name="Android">
                        <RemoteDir>res\drawable-xxhdpi</RemoteDir>
                        <Operation>1</Operation>
                    </Platform>
                    <Platform Name="Android64">
                        <RemoteDir>res\drawable-xxhdpi</RemoteDir>
                        <Operation>1</Operation>
                    </Platform>
                </DeployClass>
                <DeployClass Name="Android_NotificationIcon96">
                    <Platform Name="Android">
                        <RemoteDir>res\drawable-xxxhdpi</RemoteDir>
                        <Operation>1</Operation>
                    </Platform>
                    <Platform Name="Android64">
                        <RemoteDir>res\drawable-xxxhdpi</RemoteDir>
                        <Operation>1</Operation>
                    </Platform>
                </DeployClass>
                <DeployClass Name="Android_SplashImage426">
                    <Platform Name="Android">
                        <RemoteDir>res\drawable-small</RemoteDir>
                        <Operation>1</Operation>
                    </Platform>
                    <Platform Name="Android64">
                        <RemoteDir>res\drawable-small</RemoteDir>
                        <Operation>1</Operation>
                    </Platform>
                </DeployClass>
                <DeployClass Name="Android_SplashImage470">
                    <Platform Name="Android">
                        <RemoteDir>res\drawable-normal</RemoteDir>
                        <Operation>1</Operation>
                    </Platform>
                    <Platform Name="Android64">
                        <RemoteDir>res\drawable-normal</RemoteDir>
                        <Operation>1</Operation>
                    </Platform>
                </DeployClass>
                <DeployClass Name="Android_SplashImage640">
                    <Platform Name="Android">
                        <RemoteDir>res\drawable-large</RemoteDir>
                        <Operation>1</Operation>
                    </Platform>
                    <Platform Name="Android64">
                        <RemoteDir>res\drawable-large</RemoteDir>
                        <Operation>1</Operation>
                    </Platform>
                </DeployClass>
                <DeployClass Name="Android_SplashImage960">
                    <Platform Name="Android">
                        <RemoteDir>res\drawable-xlarge</RemoteDir>
                        <Operation>1</Operation>
                    </Platform>
                    <Platform Name="Android64">
                        <RemoteDir>res\drawable-xlarge</RemoteDir>
                        <Operation>1</Operation>
                    </Platform>
                </DeployClass>
                <DeployClass Name="Android_Strings">
                    <Platform Name="Android">
                        <RemoteDir>res\values</RemoteDir>
                        <Operation>1</Operation>
                    </Platform>
                    <Platform Name="Android64">
                        <RemoteDir>res\values</RemoteDir>
                        <Operation>1</Operation>
                    </Platform>
                </DeployClass>
                <DeployClass Name="Android_VectorizedNotificationIcon">
                    <Platform Name="Android">
                        <RemoteDir>res\drawable-anydpi-v24</RemoteDir>
                        <Operation>1</Operation>
                    </Platform>
                    <Platform Name="Android64">
                        <RemoteDir>res\drawable-anydpi-v24</RemoteDir>
                        <Operation>1</Operation>
                    </Platform>
                </DeployClass>
                <DeployClass Name="Android_VectorizedSplash">
                    <Platform Name="Android">
                        <RemoteDir>res\drawable</RemoteDir>
                        <Operation>1</Operation>
                    </Platform>
                    <Platform Name="Android64">
                        <RemoteDir>res\drawable</RemoteDir>
                        <Operation>1</Operation>
                    </Platform>
                </DeployClass>
                <DeployClass Name="Android_VectorizedSplashDark">
                    <Platform Name="Android">
                        <RemoteDir>res\drawable-night-anydpi-v21</RemoteDir>
                        <Operation>1</Operation>
                    </Platform>
                    <Platform Name="Android64">
                        <RemoteDir>res\drawable-night-anydpi-v21</RemoteDir>
                        <Operation>1</Operation>
                    </Platform>
                </DeployClass>
                <DeployClass Name="Android_VectorizedSplashV31">
                    <Platform Name="Android">
                        <RemoteDir>res\drawable-anydpi-v31</RemoteDir>
                        <Operation>1</Operation>
                    </Platform>
                    <Platform Name="Android64">
                        <RemoteDir>res\drawable-anydpi-v31</RemoteDir>
                        <Operation>1</Operation>
                    </Platform>
                </DeployClass>
                <DeployClass Name="Android_VectorizedSplashV31Dark">
                    <Platform Name="Android">
                        <RemoteDir>res\drawable-night-anydpi-v31</RemoteDir>
                        <Operation>1</Operation>
                    </Platform>
                    <Platform Name="Android64">
                        <RemoteDir>res\drawable-night-anydpi-v31</RemoteDir>
                        <Operation>1</Operation>
                    </Platform>
                </DeployClass>
                <DeployClass Name="DebugSymbols">
                    <Platform Name="iOSSimulator">
                        <Operation>1</Operation>
                    </Platform>
                    <Platform Name="OSX32">
                        <Operation>1</Operation>
                    </Platform>
                    <Platform Name="Win32">
                        <Operation>0</Operation>
                    </Platform>
                </DeployClass>
                <DeployClass Name="DependencyFramework">
                    <Platform Name="OSX32">
                        <Operation>1</Operation>
                        <Extensions>.framework</Extensions>
                    </Platform>
                    <Platform Name="OSX64">
                        <Operation>1</Operation>
                        <Extensions>.framework</Extensions>
                    </Platform>
                    <Platform Name="OSXARM64">
                        <Operation>1</Operation>
                        <Extensions>.framework</Extensions>
                    </Platform>
                    <Platform Name="Win32">
                        <Operation>0</Operation>
                    </Platform>
                </DeployClass>
                <DeployClass Name="DependencyModule">
                    <Platform Name="OSX32">
                        <Operation>1</Operation>
                        <Extensions>.dylib</Extensions>
                    </Platform>
                    <Platform Name="OSX64">
                        <Operation>1</Operation>
                        <Extensions>.dylib</Extensions>
                    </Platform>
                    <Platform Name="OSXARM64">
                        <Operation>1</Operation>
                        <Extensions>.dylib</Extensions>
                    </Platform>
                    <Platform Name="Win32">
                        <Operation>0</Operation>
                        <Extensions>.dll;.bpl</Extensions>
                    </Platform>
                </DeployClass>
                <DeployClass Required="true" Name="DependencyPackage">
                    <Platform Name="iOSDevice32">
                        <Operation>1</Operation>
                        <Extensions>.dylib</Extensions>
                    </Platform>
                    <Platform Name="iOSDevice64">
                        <Operation>1</Operation>
                        <Extensions>.dylib</Extensions>
                    </Platform>
                    <Platform Name="iOSSimARM64">
                        <Operation>1</Operation>
                        <Extensions>.dylib</Extensions>
                    </Platform>
                    <Platform Name="OSX32">
                        <Operation>1</Operation>
                        <Extensions>.dylib</Extensions>
                    </Platform>
                    <Platform Name="OSX64">
                        <Operation>1</Operation>
                        <Extensions>.dylib</Extensions>
                    </Platform>
                    <Platform Name="OSXARM64">
                        <Operation>1</Operation>
                        <Extensions>.dylib</Extensions>
                    </Platform>
                    <Platform Name="Win32">
                        <Operation>0</Operation>
                        <Extensions>.bpl</Extensions>
                    </Platform>
                </DeployClass>
                <DeployClass Name="File">
                    <Platform Name="Android">
                        <Operation>0</Operation>
                    </Platform>
                    <Platform Name="Android64">
                        <Operation>0</Operation>
                    </Platform>
                    <Platform Name="iOSDevice32">
                        <Operation>0</Operation>
                    </Platform>
                    <Platform Name="iOSDevice64">
                        <Operation>0</Operation>
                    </Platform>
                    <Platform Name="iOSSimARM64">
                        <Operation>0</Operation>
                    </Platform>
                    <Platform Name="OSX32">
                        <Operation>0</Operation>
                    </Platform>
                    <Platform Name="OSX64">
                        <Operation>0</Operation>
                    </Platform>
                    <Platform Name="OSXARM64">
                        <Operation>0</Operation>
                    </Platform>
                    <Platform Name="Win32">
                        <Operation>0</Operation>
                    </Platform>
                </DeployClass>
                <DeployClass Name="ProjectAndroidManifest">
                    <Platform Name="Android">
                        <Operation>1</Operation>
                    </Platform>
                    <Platform Name="Android64">
                        <Operation>1</Operation>
                    </Platform>
                </DeployClass>
                <DeployClass Name="ProjectOSXDebug"/>
                <DeployClass Name="ProjectOSXEntitlements"/>
                <DeployClass Name="ProjectOSXInfoPList"/>
                <DeployClass Name="ProjectOSXResource">
                    <Platform Name="OSX32">
                        <RemoteDir>Contents\Resources</RemoteDir>
                        <Operation>1</Operation>
                    </Platform>
                    <Platform Name="OSX64">
                        <RemoteDir>Contents\Resources</RemoteDir>
                        <Operation>1</Operation>
                    </Platform>
                    <Platform Name="OSXARM64">
                        <RemoteDir>Contents\Resources</RemoteDir>
                        <Operation>1</Operation>
                    </Platform>
                </DeployClass>
                <DeployClass Required="true" Name="ProjectOutput">
                    <Platform Name="Android">
                        <RemoteDir>library\lib\armeabi-v7a</RemoteDir>
                        <Operation>1</Operation>
                    </Platform>
                    <Platform Name="Android64">
                        <RemoteDir>library\lib\arm64-v8a</RemoteDir>
                        <Operation>1</Operation>
                    </Platform>
                    <Platform Name="iOSDevice32">
                        <Operation>1</Operation>
                    </Platform>
                    <Platform Name="iOSDevice64">
                        <Operation>1</Operation>
                    </Platform>
                    <Platform Name="iOSSimARM64">
                        <Operation>1</Operation>
                    </Platform>
                    <Platform Name="Linux64">
                        <Operation>1</Operation>
                    </Platform>
                    <Platform Name="OSX32">
                        <Operation>1</Operation>
                    </Platform>
                    <Platform Name="OSX64">
                        <Operation>1</Operation>
                    </Platform>
                    <Platform Name="OSXARM64">
                        <Operation>1</Operation>
                    </Platform>
                    <Platform Name="Win32">
                        <Operation>0</Operation>
                    </Platform>
                </DeployClass>
                <DeployClass Name="ProjectOutput_Android32">
                    <Platform Name="Android64">
                        <RemoteDir>library\lib\armeabi-v7a</RemoteDir>
                        <Operation>1</Operation>
                    </Platform>
                </DeployClass>
                <DeployClass Name="ProjectUWPManifest">
                    <Platform Name="Win32">
                        <Operation>1</Operation>
                    </Platform>
                    <Platform Name="Win64">
                        <Operation>1</Operation>
                    </Platform>
                    <Platform Name="Win64x">
                        <Operation>1</Operation>
                    </Platform>
                </DeployClass>
                <DeployClass Name="ProjectiOSDeviceDebug">
                    <Platform Name="iOSDevice32">
                        <RemoteDir>..\$(PROJECTNAME).app.dSYM\Contents\Resources\DWARF</RemoteDir>
                        <Operation>1</Operation>
                    </Platform>
                    <Platform Name="iOSDevice64">
                        <RemoteDir>..\$(PROJECTNAME).app.dSYM\Contents\Resources\DWARF</RemoteDir>
                        <Operation>1</Operation>
                    </Platform>
                    <Platform Name="iOSSimARM64">
                        <RemoteDir>..\$(PROJECTNAME).app.dSYM\Contents\Resources\DWARF</RemoteDir>
                        <Operation>1</Operation>
                    </Platform>
                </DeployClass>
                <DeployClass Name="ProjectiOSEntitlements"/>
                <DeployClass Name="ProjectiOSInfoPList"/>
                <DeployClass Name="ProjectiOSLaunchScreen"/>
                <DeployClass Name="ProjectiOSResource">
                    <Platform Name="iOSDevice32">
                        <Operation>1</Operation>
                    </Platform>
                    <Platform Name="iOSDevice64">
                        <Operation>1</Operation>
                    </Platform>
                    <Platform Name="iOSSimARM64">
                        <Operation>1</Operation>
                    </Platform>
                </DeployClass>
                <DeployClass Name="UWP_DelphiLogo150">
                    <Platform Name="Win32">
                        <RemoteDir>Assets</RemoteDir>
                        <Operation>1</Operation>
                    </Platform>
                    <Platform Name="Win64">
                        <RemoteDir>Assets</RemoteDir>
                        <Operation>1</Operation>
                    </Platform>
                </DeployClass>
                <DeployClass Name="UWP_DelphiLogo44">
                    <Platform Name="Win32">
                        <RemoteDir>Assets</RemoteDir>
                        <Operation>1</Operation>
                    </Platform>
                    <Platform Name="Win64">
                        <RemoteDir>Assets</RemoteDir>
                        <Operation>1</Operation>
                    </Platform>
                </DeployClass>
                <DeployClass Name="iOS_AppStore1024">
                    <Platform Name="iOSDevice64">
                        <RemoteDir>..\$(PROJECTNAME).launchscreen\Assets\AppIcon.appiconset</RemoteDir>
                        <Operation>1</Operation>
                    </Platform>
                    <Platform Name="iOSSimARM64">
                        <RemoteDir>..\$(PROJECTNAME).launchscreen\Assets\AppIcon.appiconset</RemoteDir>
                        <Operation>1</Operation>
                    </Platform>
                </DeployClass>
                <DeployClass Name="iPad_AppIcon152">
                    <Platform Name="iOSDevice64">
                        <RemoteDir>..\$(PROJECTNAME).launchscreen\Assets\AppIcon.appiconset</RemoteDir>
                        <Operation>1</Operation>
                    </Platform>
                    <Platform Name="iOSSimARM64">
                        <RemoteDir>..\$(PROJECTNAME).launchscreen\Assets\AppIcon.appiconset</RemoteDir>
                        <Operation>1</Operation>
                    </Platform>
                </DeployClass>
                <DeployClass Name="iPad_AppIcon167">
                    <Platform Name="iOSDevice64">
                        <RemoteDir>..\$(PROJECTNAME).launchscreen\Assets\AppIcon.appiconset</RemoteDir>
                        <Operation>1</Operation>
                    </Platform>
                    <Platform Name="iOSSimARM64">
                        <RemoteDir>..\$(PROJECTNAME).launchscreen\Assets\AppIcon.appiconset</RemoteDir>
                        <Operation>1</Operation>
                    </Platform>
                </DeployClass>
                <DeployClass Name="iPad_Launch2x">
                    <Platform Name="iOSDevice64">
                        <RemoteDir>..\$(PROJECTNAME).launchscreen\Assets\LaunchScreenImage.imageset</RemoteDir>
                        <Operation>1</Operation>
                    </Platform>
                    <Platform Name="iOSSimARM64">
                        <RemoteDir>..\$(PROJECTNAME).launchscreen\Assets\LaunchScreenImage.imageset</RemoteDir>
                        <Operation>1</Operation>
                    </Platform>
                </DeployClass>
                <DeployClass Name="iPad_LaunchDark2x">
                    <Platform Name="iOSDevice64">
                        <RemoteDir>..\$(PROJECTNAME).launchscreen\Assets\LaunchScreenImage.imageset</RemoteDir>
                        <Operation>1</Operation>
                    </Platform>
                    <Platform Name="iOSSimARM64">
                        <RemoteDir>..\$(PROJECTNAME).launchscreen\Assets\LaunchScreenImage.imageset</RemoteDir>
                        <Operation>1</Operation>
                    </Platform>
                </DeployClass>
                <DeployClass Name="iPad_Notification40">
                    <Platform Name="iOSDevice64">
                        <RemoteDir>..\$(PROJECTNAME).launchscreen\Assets\AppIcon.appiconset</RemoteDir>
                        <Operation>1</Operation>
                    </Platform>
                    <Platform Name="iOSSimARM64">
                        <RemoteDir>..\$(PROJECTNAME).launchscreen\Assets\AppIcon.appiconset</RemoteDir>
                        <Operation>1</Operation>
                    </Platform>
                </DeployClass>
                <DeployClass Name="iPad_Setting58">
                    <Platform Name="iOSDevice64">
                        <RemoteDir>..\$(PROJECTNAME).launchscreen\Assets\AppIcon.appiconset</RemoteDir>
                        <Operation>1</Operation>
                    </Platform>
                    <Platform Name="iOSSimARM64">
                        <RemoteDir>..\$(PROJECTNAME).launchscreen\Assets\AppIcon.appiconset</RemoteDir>
                        <Operation>1</Operation>
                    </Platform>
                </DeployClass>
                <DeployClass Name="iPad_SpotLight80">
                    <Platform Name="iOSDevice64">
                        <RemoteDir>..\$(PROJECTNAME).launchscreen\Assets\AppIcon.appiconset</RemoteDir>
                        <Operation>1</Operation>
                    </Platform>
                    <Platform Name="iOSSimARM64">
                        <RemoteDir>..\$(PROJECTNAME).launchscreen\Assets\AppIcon.appiconset</RemoteDir>
                        <Operation>1</Operation>
                    </Platform>
                </DeployClass>
                <DeployClass Name="iPhone_AppIcon120">
                    <Platform Name="iOSDevice64">
                        <RemoteDir>..\$(PROJECTNAME).launchscreen\Assets\AppIcon.appiconset</RemoteDir>
                        <Operation>1</Operation>
                    </Platform>
                    <Platform Name="iOSSimARM64">
                        <RemoteDir>..\$(PROJECTNAME).launchscreen\Assets\AppIcon.appiconset</RemoteDir>
                        <Operation>1</Operation>
                    </Platform>
                </DeployClass>
                <DeployClass Name="iPhone_AppIcon180">
                    <Platform Name="iOSDevice64">
                        <RemoteDir>..\$(PROJECTNAME).launchscreen\Assets\AppIcon.appiconset</RemoteDir>
                        <Operation>1</Operation>
                    </Platform>
                    <Platform Name="iOSSimARM64">
                        <RemoteDir>..\$(PROJECTNAME).launchscreen\Assets\AppIcon.appiconset</RemoteDir>
                        <Operation>1</Operation>
                    </Platform>
                </DeployClass>
                <DeployClass Name="iPhone_Launch2x">
                    <Platform Name="iOSDevice64">
                        <RemoteDir>..\$(PROJECTNAME).launchscreen\Assets\LaunchScreenImage.imageset</RemoteDir>
                        <Operation>1</Operation>
                    </Platform>
                    <Platform Name="iOSSimARM64">
                        <RemoteDir>..\$(PROJECTNAME).launchscreen\Assets\LaunchScreenImage.imageset</RemoteDir>
                        <Operation>1</Operation>
                    </Platform>
                </DeployClass>
                <DeployClass Name="iPhone_Launch3x">
                    <Platform Name="iOSDevice64">
                        <RemoteDir>..\$(PROJECTNAME).launchscreen\Assets\LaunchScreenImage.imageset</RemoteDir>
                        <Operation>1</Operation>
                    </Platform>
                    <Platform Name="iOSSimARM64">
                        <RemoteDir>..\$(PROJECTNAME).launchscreen\Assets\LaunchScreenImage.imageset</RemoteDir>
                        <Operation>1</Operation>
                    </Platform>
                </DeployClass>
                <DeployClass Name="iPhone_LaunchDark2x">
                    <Platform Name="iOSDevice64">
                        <RemoteDir>..\$(PROJECTNAME).launchscreen\Assets\LaunchScreenImage.imageset</RemoteDir>
                        <Operation>1</Operation>
                    </Platform>
                    <Platform Name="iOSSimARM64">
                        <RemoteDir>..\$(PROJECTNAME).launchscreen\Assets\LaunchScreenImage.imageset</RemoteDir>
                        <Operation>1</Operation>
                    </Platform>
                </DeployClass>
                <DeployClass Name="iPhone_LaunchDark3x">
                    <Platform Name="iOSDevice64">
                        <RemoteDir>..\$(PROJECTNAME).launchscreen\Assets\LaunchScreenImage.imageset</RemoteDir>
                        <Operation>1</Operation>
                    </Platform>
                    <Platform Name="iOSSimARM64">
                        <RemoteDir>..\$(PROJECTNAME).launchscreen\Assets\LaunchScreenImage.imageset</RemoteDir>
                        <Operation>1</Operation>
                    </Platform>
                </DeployClass>
                <DeployClass Name="iPhone_Notification40">
                    <Platform Name="iOSDevice64">
                        <RemoteDir>..\$(PROJECTNAME).launchscreen\Assets\AppIcon.appiconset</RemoteDir>
                        <Operation>1</Operation>
                    </Platform>
                    <Platform Name="iOSSimARM64">
                        <RemoteDir>..\$(PROJECTNAME).launchscreen\Assets\AppIcon.appiconset</RemoteDir>
                        <Operation>1</Operation>
                    </Platform>
                </DeployClass>
                <DeployClass Name="iPhone_Notification60">
                    <Platform Name="iOSDevice64">
                        <RemoteDir>..\$(PROJECTNAME).launchscreen\Assets\AppIcon.appiconset</RemoteDir>
                        <Operation>1</Operation>
                    </Platform>
                    <Platform Name="iOSSimARM64">
                        <RemoteDir>..\$(PROJECTNAME).launchscreen\Assets\AppIcon.appiconset</RemoteDir>
                        <Operation>1</Operation>
                    </Platform>
                </DeployClass>
                <DeployClass Name="iPhone_Setting58">
                    <Platform Name="iOSDevice64">
                        <RemoteDir>..\$(PROJECTNAME).launchscreen\Assets\AppIcon.appiconset</RemoteDir>
                        <Operation>1</Operation>
                    </Platform>
                    <Platform Name="iOSSimARM64">
                        <RemoteDir>..\$(PROJECTNAME).launchscreen\Assets\AppIcon.appiconset</RemoteDir>
                        <Operation>1</Operation>
                    </Platform>
                </DeployClass>
                <DeployClass Name="iPhone_Setting87">
                    <Platform Name="iOSDevice64">
                        <RemoteDir>..\$(PROJECTNAME).launchscreen\Assets\AppIcon.appiconset</RemoteDir>
                        <Operation>1</Operation>
                    </Platform>
                    <Platform Name="iOSSimARM64">
                        <RemoteDir>..\$(PROJECTNAME).launchscreen\Assets\AppIcon.appiconset</RemoteDir>
                        <Operation>1</Operation>
                    </Platform>
                </DeployClass>
                <DeployClass Name="iPhone_Spotlight120">
                    <Platform Name="iOSDevice64">
                        <RemoteDir>..\$(PROJECTNAME).launchscreen\Assets\AppIcon.appiconset</RemoteDir>
                        <Operation>1</Operation>
                    </Platform>
                    <Platform Name="iOSSimARM64">
                        <RemoteDir>..\$(PROJECTNAME).launchscreen\Assets\AppIcon.appiconset</RemoteDir>
                        <Operation>1</Operation>
                    </Platform>
                </DeployClass>
                <DeployClass Name="iPhone_Spotlight80">
                    <Platform Name="iOSDevice64">
                        <RemoteDir>..\$(PROJECTNAME).launchscreen\Assets\AppIcon.appiconset</RemoteDir>
                        <Operation>1</Operation>
                    </Platform>
                    <Platform Name="iOSSimARM64">
                        <RemoteDir>..\$(PROJECTNAME).launchscreen\Assets\AppIcon.appiconset</RemoteDir>
                        <Operation>1</Operation>
                    </Platform>
                </DeployClass>
                <ProjectRoot Platform="Android" Name="$(PROJECTNAME)"/>
                <ProjectRoot Platform="Android64" Name="$(PROJECTNAME)"/>
                <ProjectRoot Platform="iOSDevice32" Name="$(PROJECTNAME).app"/>
                <ProjectRoot Platform="iOSDevice64" Name="$(PROJECTNAME).app"/>
                <ProjectRoot Platform="iOSSimARM64" Name="$(PROJECTNAME).app"/>
                <ProjectRoot Platform="Linux64" Name="$(PROJECTNAME)"/>
                <ProjectRoot Platform="OSX32" Name="$(PROJECTNAME)"/>
                <ProjectRoot Platform="OSX64" Name="$(PROJECTNAME)"/>
                <ProjectRoot Platform="OSXARM64" Name="$(PROJECTNAME)"/>
                <ProjectRoot Platform="Win32" Name="$(PROJECTNAME)"/>
                <ProjectRoot Platform="Win64" Name="$(PROJECTNAME)"/>
                <ProjectRoot Platform="Win64x" Name="$(PROJECTNAME)"/>
            </Deployment>
            <Platforms>
                <Platform value="Win32">True</Platform>
                <Platform value="Win64">False</Platform>
            </Platforms>
        </BorlandProject>
        <ProjectFileVersion>12</ProjectFileVersion>
    </ProjectExtensions>
    <Import Project="$(BDS)\Bin\CodeGear.Delphi.Targets" Condition="Exists('$(BDS)\Bin\CodeGear.Delphi.Targets')"/>
    <Import Project="$(APPDATA)\Embarcadero\$(BDSAPPDATABASEDIR)\$(PRODUCTVERSION)\UserTools.proj" Condition="Exists('$(APPDATA)\Embarcadero\$(BDSAPPDATABASEDIR)\$(PRODUCTVERSION)\UserTools.proj')"/>
    <Import Project="$(MSBuildProjectName).deployproj" Condition="Exists('$(MSBuildProjectName).deployproj')"/>
</Project>
